{
  "object": {
    "pins": [
      {
        "package": "BaseToolbox",
        "repositoryURL": "https://github.com/lkzhao/BaseToolbox",
        "state": {
          "branch": null,
          "revision": "b3116a0a9d5c18c2f048b49d3259aef460540d94",
          "version": "0.6.0"
        }
      },
      {
        "package": "Hero2",
        "repositoryURL": "https://github.com/lkzhao/Hero2",
        "state": {
          "branch": null,
          "revision": "5e18f723aa265fa32af21d092c22f464d4db4069",
          "version": "0.9.0"
        }
      },
      {
        "package": "ScreenCorners",
        "repositoryURL": "https://github.com/kylebshr/ScreenCorners",
        "state": {
          "branch": null,
          "revision": "1b71897c8d9091cad34bf10a47e3810c0c10e1e8",
          "version": "1.0.1"
        }
      },
      {
        "package": "UIComponent",
        "repositoryURL": "https://github.com/lkzhao/UIComponent",
        "state": {
          "branch": null,
          "revision": "b6c4eec5816c4c0812fe9a5fb63c470a0693f69d",
          "version": "2.0.0"
        }
      }
    ]
  },
  "version": 1
}
